
Microsoft Visual Studio Solution File, Format Version 12.00
# Visual Studio Version 16
VisualStudioVersion = 25.0.1705.4
MinimumVisualStudioVersion = 10.0.40219.1
Project("{FAE04EC0-301F-11D3-BF4B-00C04F79EFBC}") = "EternalFrost", "EternalFrost\EternalFrost.csproj", "{D92A309B-4201-4A6B-BDE7-70CF148798EB}"
EndProject
Project("{FAE04EC0-301F-11D3-BF4B-00C04F79EFBC}") = "UnitTests", "UnitTests\UnitTests.csproj", "{EB30D8FF-09A4-4F12-A204-39F3E9AEAB6D}"
EndProject
Global
	GlobalSection(SolutionConfigurationPlatforms) = preSolution
		Debug|Any CPU = Debug|Any CPU
		Release|Any CPU = Release|Any CPU
	EndGlobalSection
	GlobalSection(ProjectConfigurationPlatforms) = postSolution
		{D92A309B-4201-4A6B-BDE7-70CF148798EB}.Debug|Any CPU.ActiveCfg = Debug|Any CPU
		{D92A309B-4201-4A6B-BDE7-70CF148798EB}.Debug|Any CPU.Build.0 = Debug|Any CPU
		{D92A309B-4201-4A6B-BDE7-70CF148798EB}.Release|Any CPU.ActiveCfg = Release|Any CPU
		{D92A309B-4201-4A6B-BDE7-70CF148798EB}.Release|Any CPU.Build.0 = Release|Any CPU
		{EB30D8FF-09A4-4F12-A204-39F3E9AEAB6D}.Debug|Any CPU.ActiveCfg = Debug|Any CPU
		{EB30D8FF-09A4-4F12-A204-39F3E9AEAB6D}.Debug|Any CPU.Build.0 = Debug|Any CPU
		{EB30D8FF-09A4-4F12-A204-39F3E9AEAB6D}.Release|Any CPU.ActiveCfg = Release|Any CPU
		{EB30D8FF-09A4-4F12-A204-39F3E9AEAB6D}.Release|Any CPU.Build.0 = Release|Any CPU
	EndGlobalSection
	GlobalSection(SolutionProperties) = preSolution
		HideSolutionNode = FALSE
	EndGlobalSection
	GlobalSection(ExtensibilityGlobals) = postSolution
		SolutionGuid = {62D3390E-F511-4AFE-AE67-0530E82A8EA6}
	EndGlobalSection
	GlobalSection(MonoDevelopProperties) = preSolution
		Policies = $0
		$0.DotNetNamingPolicy = $1
		$1.DirectoryNamespaceAssociation = PrefixedFlat
		$0.TextStylePolicy = $2
		$2.inheritsSet = null
		$2.scope = application/xml
		$0.XmlFormattingPolicy = $3
		$3.scope = application/xml
		$0.TextStylePolicy = $4
		$4.FileWidth = 80
		$4.TabsToSpaces = True
		$4.scope = text/plain
		$4.TabWidth = 2
		$4.IndentWidth = 2
		$0.TextStylePolicy = $5
		$5.inheritsSet = null
		$5.scope = text/x-json
		$0.TextStylePolicy = $6
		$6.inheritsSet = null
		$6.scope = text/x-vs
		$0.TextStylePolicy = $7
		$7.EolMarker = Unix
		$7.scope = text/x-csharp
		$7.TabWidth = 2
		$7.IndentWidth = 2
		$0.CSharpFormattingPolicy = $8
		$8.NewLinesForBracesInProperties = False
		$8.NewLinesForBracesInAccessors = False
		$8.NewLinesForBracesInAnonymousMethods = False
		$8.NewLinesForBracesInControlBlocks = False
		$8.NewLinesForBracesInAnonymousTypes = False
		$8.NewLinesForBracesInObjectCollectionArrayInitializers = False
		$8.NewLinesForBracesInLambdaExpressionBody = False
		$8.NewLineForElse = False
		$8.NewLineForCatch = False
		$8.NewLineForFinally = False
		$8.NewLineForMembersInObjectInit = False
		$8.NewLineForMembersInAnonymousTypes = False
		$8.NewLineForClausesInQuery = False
		$8.scope = text/x-csharp
		$0.StandardHeader = $9
	EndGlobalSection
EndGlobal
